
Microsoft Visual Studio Solution File, Format Version 12.00
# Visual Studio 2012
Project("{FAE04EC0-301F-11D3-BF4B-00C04F79EFBC}") = "advancedCharp", "advancedCharp\advancedCharp.csproj", "{2701BB22-BD60-4476-B770-D2FD1EA5780B}"
EndProject
Global
	GlobalSection(SolutionConfigurationPlatforms) = preSolution
		Debug|Any CPU = Debug|Any CPU
		Release|Any CPU = Release|Any CPU
	EndGlobalSection
	GlobalSection(ProjectConfigurationPlatforms) = postSolution
		{2701BB22-BD60-4476-B770-D2FD1EA5780B}.Debug|Any CPU.ActiveCfg = Debug|Any CPU
		{2701BB22-BD60-4476-B770-D2FD1EA5780B}.Debug|Any CPU.Build.0 = Debug|Any CPU
		{2701BB22-BD60-4476-B770-D2FD1EA5780B}.Release|Any CPU.ActiveCfg = Release|Any CPU
		{2701BB22-BD60-4476-B770-D2FD1EA5780B}.Release|Any CPU.Build.0 = Release|Any CPU
	EndGlobalSection
	GlobalSection(SolutionProperties) = preSolution
		HideSolutionNode = FALSE
	EndGlobalSection
EndGlobal
